{
  "name": "example",
  "version": "1.0.0",
  "lockfileVersion": 3,
  "requires": true,
  "packages": {
    "": {
      "name": "example",
      "version": "1.0.0",
      "license": "ISC",
      "dependencies": {
        "libkss-js": "file:../",
        "node-fetch": "^2.6.9",
        "wavefile": "^11.0.0"
      }
    },
    "..": {
      "version": "2.0.0",
      "license": "ISC",
      "dependencies": {
        "encoding-japanese": "^2.0.0",
        "sha1": "^1.1.1"
      },
      "devDependencies": {
        "@types/emscripten": "^1.39.6",
        "@types/encoding-japanese": "^2.0.1",
        "@types/sha1": "^1.1.3",
        "@typescript-eslint/eslint-plugin": "^5.57.0",
        "@typescript-eslint/parser": "^5.57.0",
        "buffer": "^6.0.3",
        "cpy-cli": "^4.2.0",
        "eslint": "^8.37.0",
        "eslint-config-prettier": "^8.8.0",
        "mkdirp": "^2.1.5",
        "prettier": "^2.8.7",
        "rimraf": "^4.4.1",
        "typedoc": "^0.23.27",
        "typescript": "^4.9.0"
      },
      "engines": {
        "node": "^14.13.1 || >=16.0.0"
      }
    },
    "node_modules/libkss-js": {
      "resolved": "..",
      "link": true
    },
    "node_modules/node-fetch": {
      "version": "2.6.9",
      "resolved": "https://registry.npmjs.org/node-fetch/-/node-fetch-2.6.9.tgz",
      "integrity": "sha512-DJm/CJkZkRjKKj4Zi4BsKVZh3ValV5IR5s7LVZnW+6YMh0W1BfNA8XSs6DLMGYlId5F3KnA70uu2qepcR08Qqg==",
      "dependencies": {
        "whatwg-url": "^5.0.0"
      },
      "engines": {
        "node": "4.x || >=6.0.0"
      },
      "peerDependencies": {
        "encoding": "^0.1.0"
      },
      "peerDependenciesMeta": {
        "encoding": {
          "optional": true
        }
      }
    },
    "node_modules/tr46": {
      "version": "0.0.3",
      "resolved": "https://registry.npmjs.org/tr46/-/tr46-0.0.3.tgz",
      "integrity": "sha512-N3WMsuqV66lT30CrXNbEjx4GEwlow3v6rr4mCcv6prnfwhS01rkgyFdjPNBYd9br7LpXV1+Emh01fHnq2Gdgrw=="
    },
    "node_modules/wavefile": {
      "version": "11.0.0",
      "resolved": "https://registry.npmjs.org/wavefile/-/wavefile-11.0.0.tgz",
      "integrity": "sha512-/OBiAALgWU24IG7sC84cDO/KfFuvajWc5Uec0oV2zrpOOZZDgGdOwHwgEzOrwh8jkubBk7PtZfQBIcI1OaE5Ng==",
      "bin": {
        "wavefile": "bin/wavefile.js"
      },
      "engines": {
        "node": ">=8"
      }
    },
    "node_modules/webidl-conversions": {
      "version": "3.0.1",
      "resolved": "https://registry.npmjs.org/webidl-conversions/-/webidl-conversions-3.0.1.tgz",
      "integrity": "sha512-2JAn3z8AR6rjK8Sm8orRC0h/bcl/DqL7tRPdGZ4I1CjdF+EaMLmYxBHyXuKL849eucPFhvBoxMsflfOb8kxaeQ=="
    },
    "node_modules/whatwg-url": {
      "version": "5.0.0",
      "resolved": "https://registry.npmjs.org/whatwg-url/-/whatwg-url-5.0.0.tgz",
      "integrity": "sha512-saE57nupxk6v3HY35+jzBwYa0rKSy0XR8JSxZPwgLr7ys0IBzhGviA1/TUGJLmSVqs8pb9AnvICXEuOHLprYTw==",
      "dependencies": {
        "tr46": "~0.0.3",
        "webidl-conversions": "^3.0.0"
      }
    }
  }
}
